
Microsoft Visual Studio Solution File, Format Version 12.00
# Visual Studio Version 17
VisualStudioVersion = 17.5.002.0
MinimumVisualStudioVersion = 10.0.40219.1
Project("{2150E333-8FDC-42A3-9474-1A3956D46DE8}") = "C#", "C#", "{A2BA0B83-1D17-45D2-B486-5654A90CEB47}"
EndProject
Project("{9A19103F-16F7-4668-BE54-9A1E7A4F7556}") = "Introducao", "C#\Introducao\Introducao.csproj", "{7F8C9477-476F-405D-8262-47B6B4293BBB}"
EndProject
Global
	GlobalSection(SolutionConfigurationPlatforms) = preSolution
		Debug|Any CPU = Debug|Any CPU
		Release|Any CPU = Release|Any CPU
	EndGlobalSection
	GlobalSection(ProjectConfigurationPlatforms) = postSolution
		{7F8C9477-476F-405D-8262-47B6B4293BBB}.Debug|Any CPU.ActiveCfg = Debug|Any CPU
		{7F8C9477-476F-405D-8262-47B6B4293BBB}.Debug|Any CPU.Build.0 = Debug|Any CPU
		{7F8C9477-476F-405D-8262-47B6B4293BBB}.Release|Any CPU.ActiveCfg = Release|Any CPU
		{7F8C9477-476F-405D-8262-47B6B4293BBB}.Release|Any CPU.Build.0 = Release|Any CPU
	EndGlobalSection
	GlobalSection(SolutionProperties) = preSolution
		HideSolutionNode = FALSE
	EndGlobalSection
	GlobalSection(NestedProjects) = preSolution
		{7F8C9477-476F-405D-8262-47B6B4293BBB} = {A2BA0B83-1D17-45D2-B486-5654A90CEB47}
	EndGlobalSection
	GlobalSection(ExtensibilityGlobals) = postSolution
		SolutionGuid = {DB2730E1-D02C-45F8-A6DC-652D19E6D1E6}
	EndGlobalSection
EndGlobal
